
Microsoft Visual Studio Solution File, Format Version 12.00
# Visual Studio Version 16
VisualStudioVersion = 25.0.1704.2
MinimumVisualStudioVersion = 10.0.40219.1
Project("{FAE04EC0-301F-11D3-BF4B-00C04F79EFBC}") = "Homework_Task19", "Homework_Task19.csproj", "{B4E38A8C-BE2B-4547-8A60-FB068C8FC505}"
EndProject
Global
	GlobalSection(SolutionConfigurationPlatforms) = preSolution
		Debug|Any CPU = Debug|Any CPU
		Release|Any CPU = Release|Any CPU
	EndGlobalSection
	GlobalSection(ProjectConfigurationPlatforms) = postSolution
		{B4E38A8C-BE2B-4547-8A60-FB068C8FC505}.Debug|Any CPU.ActiveCfg = Debug|Any CPU
		{B4E38A8C-BE2B-4547-8A60-FB068C8FC505}.Debug|Any CPU.Build.0 = Debug|Any CPU
		{B4E38A8C-BE2B-4547-8A60-FB068C8FC505}.Release|Any CPU.ActiveCfg = Release|Any CPU
		{B4E38A8C-BE2B-4547-8A60-FB068C8FC505}.Release|Any CPU.Build.0 = Release|Any CPU
	EndGlobalSection
	GlobalSection(SolutionProperties) = preSolution
		HideSolutionNode = FALSE
	EndGlobalSection
	GlobalSection(ExtensibilityGlobals) = postSolution
		SolutionGuid = {D0224575-AED7-4A68-9E61-3E4394C6627A}
	EndGlobalSection
EndGlobal
