
Microsoft Visual Studio Solution File, Format Version 12.00
# Visual Studio Version 16
VisualStudioVersion = 25.0.1704.2
MinimumVisualStudioVersion = 10.0.40219.1
Project("{FAE04EC0-301F-11D3-BF4B-00C04F79EFBC}") = "Homework_Task23", "Homework_Task23.csproj", "{62FF17E3-4FB4-4D5B-AA25-C727239DC2D7}"
EndProject
Global
	GlobalSection(SolutionConfigurationPlatforms) = preSolution
		Debug|Any CPU = Debug|Any CPU
		Release|Any CPU = Release|Any CPU
	EndGlobalSection
	GlobalSection(ProjectConfigurationPlatforms) = postSolution
		{62FF17E3-4FB4-4D5B-AA25-C727239DC2D7}.Debug|Any CPU.ActiveCfg = Debug|Any CPU
		{62FF17E3-4FB4-4D5B-AA25-C727239DC2D7}.Debug|Any CPU.Build.0 = Debug|Any CPU
		{62FF17E3-4FB4-4D5B-AA25-C727239DC2D7}.Release|Any CPU.ActiveCfg = Release|Any CPU
		{62FF17E3-4FB4-4D5B-AA25-C727239DC2D7}.Release|Any CPU.Build.0 = Release|Any CPU
	EndGlobalSection
	GlobalSection(SolutionProperties) = preSolution
		HideSolutionNode = FALSE
	EndGlobalSection
	GlobalSection(ExtensibilityGlobals) = postSolution
		SolutionGuid = {3337515B-4633-45D3-8788-E4B6F0A8AD35}
	EndGlobalSection
EndGlobal
